
Microsoft Visual Studio Solution File, Format Version 12.00
# Visual Studio Version 17
VisualStudioVersion = 17.0.31410.414
MinimumVisualStudioVersion = 10.0.40219.1
Project("{FAE04EC0-301F-11D3-BF4B-00C04F79EFBC}") = "sqlconnectapp", "sqlconnectapp\sqlconnectapp.csproj", "{F7BB6901-02D8-45B5-887B-F348BD61726B}"
EndProject
Global
	GlobalSection(SolutionConfigurationPlatforms) = preSolution
		Debug|Any CPU = Debug|Any CPU
		Release|Any CPU = Release|Any CPU
	EndGlobalSection
	GlobalSection(ProjectConfigurationPlatforms) = postSolution
		{F7BB6901-02D8-45B5-887B-F348BD61726B}.Debug|Any CPU.ActiveCfg = Debug|Any CPU
		{F7BB6901-02D8-45B5-887B-F348BD61726B}.Debug|Any CPU.Build.0 = Debug|Any CPU
		{F7BB6901-02D8-45B5-887B-F348BD61726B}.Release|Any CPU.ActiveCfg = Release|Any CPU
		{F7BB6901-02D8-45B5-887B-F348BD61726B}.Release|Any CPU.Build.0 = Release|Any CPU
	EndGlobalSection
	GlobalSection(SolutionProperties) = preSolution
		HideSolutionNode = FALSE
	EndGlobalSection
	GlobalSection(ExtensibilityGlobals) = postSolution
		SolutionGuid = {AE7ACDF2-0979-41FA-A52B-9C3A6D14CE30}
	EndGlobalSection
EndGlobal
